
Microsoft Visual Studio Solution File, Format Version 12.00
# Visual Studio Version 17
VisualStudioVersion = 17.8.34316.72
MinimumVisualStudioVersion = 10.0.40219.1
Project("{2150E333-8FDC-42A3-9474-1A3956D46DE8}") = "EmptyWPFApp", "EmptyWPFApp", "{C9C866AD-BE55-4E18-85B4-60C4E1B41D19}"
EndProject
Project("{9A19103F-16F7-4668-BE54-9A1E7A4F7556}") = "EmptyWPFApp", "EmptyWPFApp\EmptyWPFApp.csproj", "{8EB4E9C4-3EF3-4EE9-B36F-E44C8F9AAF40}"
EndProject
Project("{2150E333-8FDC-42A3-9474-1A3956D46DE8}") = "C_02", "C_02", "{44ABDF5F-7F15-4E00-AED8-B8756729F3B2}"
EndProject
Project("{2150E333-8FDC-42A3-9474-1A3956D46DE8}") = "P_46", "P_46", "{D754F5A0-C407-4642-B788-44829646D72C}"
EndProject
Project("{FAE04EC0-301F-11D3-BF4B-00C04F79EFBC}") = "UncompiledXaml", "C_02\P_46\UncompiledXaml\UncompiledXaml.csproj", "{DF3A7299-2A4C-4F7F-9D02-40BEEC63DE85}"
EndProject
Global
	GlobalSection(SolutionConfigurationPlatforms) = preSolution
		Debug|Any CPU = Debug|Any CPU
		Release|Any CPU = Release|Any CPU
	EndGlobalSection
	GlobalSection(ProjectConfigurationPlatforms) = postSolution
		{8EB4E9C4-3EF3-4EE9-B36F-E44C8F9AAF40}.Debug|Any CPU.ActiveCfg = Debug|Any CPU
		{8EB4E9C4-3EF3-4EE9-B36F-E44C8F9AAF40}.Debug|Any CPU.Build.0 = Debug|Any CPU
		{8EB4E9C4-3EF3-4EE9-B36F-E44C8F9AAF40}.Release|Any CPU.ActiveCfg = Release|Any CPU
		{8EB4E9C4-3EF3-4EE9-B36F-E44C8F9AAF40}.Release|Any CPU.Build.0 = Release|Any CPU
		{DF3A7299-2A4C-4F7F-9D02-40BEEC63DE85}.Debug|Any CPU.ActiveCfg = Debug|Any CPU
		{DF3A7299-2A4C-4F7F-9D02-40BEEC63DE85}.Debug|Any CPU.Build.0 = Debug|Any CPU
		{DF3A7299-2A4C-4F7F-9D02-40BEEC63DE85}.Release|Any CPU.ActiveCfg = Release|Any CPU
		{DF3A7299-2A4C-4F7F-9D02-40BEEC63DE85}.Release|Any CPU.Build.0 = Release|Any CPU
	EndGlobalSection
	GlobalSection(SolutionProperties) = preSolution
		HideSolutionNode = FALSE
	EndGlobalSection
	GlobalSection(NestedProjects) = preSolution
		{8EB4E9C4-3EF3-4EE9-B36F-E44C8F9AAF40} = {C9C866AD-BE55-4E18-85B4-60C4E1B41D19}
		{D754F5A0-C407-4642-B788-44829646D72C} = {44ABDF5F-7F15-4E00-AED8-B8756729F3B2}
		{DF3A7299-2A4C-4F7F-9D02-40BEEC63DE85} = {D754F5A0-C407-4642-B788-44829646D72C}
	EndGlobalSection
	GlobalSection(ExtensibilityGlobals) = postSolution
		SolutionGuid = {FECBA3E8-49EC-4449-969B-44B947113659}
	EndGlobalSection
EndGlobal
